// !$*UTF8*$!
{
	archiveVersion = 1;
	classes = {
	};
	objectVersion = 50;
	objects = {

/* Begin PBXBuildFile section */
		4F130BB720E6EA8200A38FBA /* OpenGL.framework in Frameworks */ = {isa = PBXBuildFile; fileRef = 4F130BB620E6EA8200A38FBA /* OpenGL.framework */; };
		4F130BB920E6EABE00A38FBA /* libglfw.3.2.dylib in Frameworks */ = {isa = PBXBuildFile; fileRef = 4F130BB820E6EABE00A38FBA /* libglfw.3.2.dylib */; };
		4F7004742113E14A00B754C3 /* mesh.cpp in Sources */ = {isa = PBXBuildFile; fileRef = 4F7004722113E14A00B754C3 /* mesh.cpp */; };
		4F7004772113F4EC00B754C3 /* model.cpp in Sources */ = {isa = PBXBuildFile; fileRef = 4F7004752113F4EC00B754C3 /* model.cpp */; };
		4F70047B2114068400B754C3 /* libassimp.4.1.0.dylib in Frameworks */ = {isa = PBXBuildFile; fileRef = 4F70047A2114068400B754C3 /* libassimp.4.1.0.dylib */; };
		4F7704BF20F72DAC00C11997 /* camera.cpp in Sources */ = {isa = PBXBuildFile; fileRef = 4F7704BD20F72DAC00C11997 /* camera.cpp */; };
		4F7E0A382124DC2D002D6A53 /* libfreetype.6.dylib in Frameworks */ = {isa = PBXBuildFile; fileRef = 4F7E0A372124DC2D002D6A53 /* libfreetype.6.dylib */; };
		4F8998A620E6C24100F8493B /* main.cpp in Sources */ = {isa = PBXBuildFile; fileRef = 4F8998A520E6C24100F8493B /* main.cpp */; };
		4F8DA6FC211CE9410021FCE1 /* libirrklang.dylib in Frameworks */ = {isa = PBXBuildFile; fileRef = 4F8DA6F5211CDF170021FCE1 /* libirrklang.dylib */; };
		4F97EE1720EF0C14009CCED2 /* shader.cpp in Sources */ = {isa = PBXBuildFile; fileRef = 4F97EE1520EF0C14009CCED2 /* shader.cpp */; };
		4F97F13520EF4111009CCED2 /* glad.c in Sources */ = {isa = PBXBuildFile; fileRef = 4F97F13420EF4111009CCED2 /* glad.c */; };
		4FACCED020EB3DBE00E557F0 /* helpers.cpp in Sources */ = {isa = PBXBuildFile; fileRef = 4FACCECE20EB3DBE00E557F0 /* helpers.cpp */; };
		4FD416982118EF09004245CB /* comet.cpp in Sources */ = {isa = PBXBuildFile; fileRef = 4FD416962118EF09004245CB /* comet.cpp */; };
/* End PBXBuildFile section */

/* Begin PBXCopyFilesBuildPhase section */
		4F8998A020E6C24100F8493B /* CopyFiles */ = {
			isa = PBXCopyFilesBuildPhase;
			buildActionMask = 2147483647;
			dstPath = /usr/share/man/man1/;
			dstSubfolderSpec = 0;
			files = (
			);
			runOnlyForDeploymentPostprocessing = 1;
		};
/* End PBXCopyFilesBuildPhase section */

/* Begin PBXFileReference section */
		4F130BB620E6EA8200A38FBA /* OpenGL.framework */ = {isa = PBXFileReference; lastKnownFileType = wrapper.framework; name = OpenGL.framework; path = System/Library/Frameworks/OpenGL.framework; sourceTree = SDKROOT; };
		4F130BB820E6EABE00A38FBA /* libglfw.3.2.dylib */ = {isa = PBXFileReference; lastKnownFileType = "compiled.mach-o.dylib"; name = libglfw.3.2.dylib; path = ../../../../../../usr/local/Cellar/glfw/3.2.1/lib/libglfw.3.2.dylib; sourceTree = "<group>"; };
		4F15446B212B6F2600A2DCD4 /* asteroid.vs */ = {isa = PBXFileReference; lastKnownFileType = sourcecode.glsl; path = asteroid.vs; sourceTree = "<group>"; };
		4F15446C212B6F3600A2DCD4 /* asteroid.fs */ = {isa = PBXFileReference; lastKnownFileType = sourcecode.glsl; path = asteroid.fs; sourceTree = "<group>"; };
		4F4BF3E220FD56E900876BB2 /* light.vs */ = {isa = PBXFileReference; lastKnownFileType = sourcecode.glsl; path = light.vs; sourceTree = "<group>"; };
		4F4BF3E320FD56FD00876BB2 /* light.fs */ = {isa = PBXFileReference; lastKnownFileType = sourcecode.glsl; path = light.fs; sourceTree = "<group>"; };
		4F4BF3E420FD576F00876BB2 /* source.vs */ = {isa = PBXFileReference; lastKnownFileType = sourcecode.glsl; path = source.vs; sourceTree = "<group>"; };
		4F4BF3E520FD578200876BB2 /* source.fs */ = {isa = PBXFileReference; lastKnownFileType = sourcecode.glsl; path = source.fs; sourceTree = "<group>"; };
		4F5A6215212613540018DEEF /* text.vs */ = {isa = PBXFileReference; lastKnownFileType = sourcecode.glsl; path = text.vs; sourceTree = "<group>"; };
		4F5A6216212613B60018DEEF /* text.fs */ = {isa = PBXFileReference; lastKnownFileType = sourcecode.glsl; path = text.fs; sourceTree = "<group>"; };
		4F70045A2113DECF00B754C3 /* bottom.tga */ = {isa = PBXFileReference; lastKnownFileType = file; path = bottom.tga; sourceTree = "<group>"; };
		4F70045B2113DECF00B754C3 /* moon_1.jpg */ = {isa = PBXFileReference; lastKnownFileType = image.jpeg; path = moon_1.jpg; sourceTree = "<group>"; };
		4F70045C2113DECF00B754C3 /* moon_3.jpg */ = {isa = PBXFileReference; lastKnownFileType = image.jpeg; path = moon_3.jpg; sourceTree = "<group>"; };
		4F70045D2113DECF00B754C3 /* planet_4.jpg */ = {isa = PBXFileReference; lastKnownFileType = image.jpeg; path = planet_4.jpg; sourceTree = "<group>"; };
		4F70045E2113DECF00B754C3 /* front.tga */ = {isa = PBXFileReference; lastKnownFileType = file; path = front.tga; sourceTree = "<group>"; };
		4F70045F2113DECF00B754C3 /* planet_9.jpg */ = {isa = PBXFileReference; lastKnownFileType = image.jpeg; path = planet_9.jpg; sourceTree = "<group>"; };
		4F7004602113DECF00B754C3 /* left.tga */ = {isa = PBXFileReference; lastKnownFileType = file; path = left.tga; sourceTree = "<group>"; };
		4F7004612113DECF00B754C3 /* star_1.jpg */ = {isa = PBXFileReference; lastKnownFileType = image.jpeg; path = star_1.jpg; sourceTree = "<group>"; };
		4F7004622113DECF00B754C3 /* planet_6.jpg */ = {isa = PBXFileReference; lastKnownFileType = image.jpeg; path = planet_6.jpg; sourceTree = "<group>"; };
		4F7004632113DECF00B754C3 /* planet_8.jpg */ = {isa = PBXFileReference; lastKnownFileType = image.jpeg; path = planet_8.jpg; sourceTree = "<group>"; };
		4F7004642113DECF00B754C3 /* top.tga */ = {isa = PBXFileReference; lastKnownFileType = file; path = top.tga; sourceTree = "<group>"; };
		4F7004652113DECF00B754C3 /* moon_2.jpg */ = {isa = PBXFileReference; lastKnownFileType = image.jpeg; path = moon_2.jpg; sourceTree = "<group>"; };
		4F7004662113DECF00B754C3 /* planet_2.jpg */ = {isa = PBXFileReference; lastKnownFileType = image.jpeg; path = planet_2.jpg; sourceTree = "<group>"; };
		4F7004672113DECF00B754C3 /* planet_7.jpg */ = {isa = PBXFileReference; lastKnownFileType = image.jpeg; path = planet_7.jpg; sourceTree = "<group>"; };
		4F7004682113DED000B754C3 /* planet_3.jpg */ = {isa = PBXFileReference; lastKnownFileType = image.jpeg; path = planet_3.jpg; sourceTree = "<group>"; };
		4F7004692113DED000B754C3 /* star_2.jpg */ = {isa = PBXFileReference; lastKnownFileType = image.jpeg; path = star_2.jpg; sourceTree = "<group>"; };
		4F70046A2113DED000B754C3 /* star_3.jpg */ = {isa = PBXFileReference; lastKnownFileType = image.jpeg; path = star_3.jpg; sourceTree = "<group>"; };
		4F70046B2113DED000B754C3 /* back.tga */ = {isa = PBXFileReference; lastKnownFileType = file; path = back.tga; sourceTree = "<group>"; };
		4F70046C2113DED000B754C3 /* planet_1.jpg */ = {isa = PBXFileReference; lastKnownFileType = image.jpeg; path = planet_1.jpg; sourceTree = "<group>"; };
		4F70046D2113DED000B754C3 /* planet_5.jpg */ = {isa = PBXFileReference; lastKnownFileType = image.jpeg; path = planet_5.jpg; sourceTree = "<group>"; };
		4F70046E2113DED000B754C3 /* right.tga */ = {isa = PBXFileReference; lastKnownFileType = file; path = right.tga; sourceTree = "<group>"; };
		4F70046F2113DED000B754C3 /* moon_4.jpg */ = {isa = PBXFileReference; lastKnownFileType = image.jpeg; path = moon_4.jpg; sourceTree = "<group>"; };
		4F7004722113E14A00B754C3 /* mesh.cpp */ = {isa = PBXFileReference; lastKnownFileType = sourcecode.cpp.cpp; path = mesh.cpp; sourceTree = "<group>"; };
		4F7004732113E14A00B754C3 /* mesh.hpp */ = {isa = PBXFileReference; lastKnownFileType = sourcecode.cpp.h; path = mesh.hpp; sourceTree = "<group>"; };
		4F7004752113F4EC00B754C3 /* model.cpp */ = {isa = PBXFileReference; lastKnownFileType = sourcecode.cpp.cpp; path = model.cpp; sourceTree = "<group>"; };
		4F7004762113F4EC00B754C3 /* model.hpp */ = {isa = PBXFileReference; lastKnownFileType = sourcecode.cpp.h; path = model.hpp; sourceTree = "<group>"; };
		4F7004782114046600B754C3 /* comet.vs */ = {isa = PBXFileReference; lastKnownFileType = sourcecode.glsl; path = comet.vs; sourceTree = "<group>"; };
		4F7004792114047500B754C3 /* comet.fs */ = {isa = PBXFileReference; lastKnownFileType = sourcecode.glsl; path = comet.fs; sourceTree = "<group>"; };
		4F70047A2114068400B754C3 /* libassimp.4.1.0.dylib */ = {isa = PBXFileReference; lastKnownFileType = "compiled.mach-o.dylib"; name = libassimp.4.1.0.dylib; path = ../../../../../../usr/local/Cellar/assimp/4.1.0/lib/libassimp.4.1.0.dylib; sourceTree = "<group>"; };
		4F7704BD20F72DAC00C11997 /* camera.cpp */ = {isa = PBXFileReference; lastKnownFileType = sourcecode.cpp.cpp; path = camera.cpp; sourceTree = "<group>"; };
		4F7704BE20F72DAC00C11997 /* camera.hpp */ = {isa = PBXFileReference; lastKnownFileType = sourcecode.cpp.h; path = camera.hpp; sourceTree = "<group>"; };
		4F7E0A372124DC2D002D6A53 /* libfreetype.6.dylib */ = {isa = PBXFileReference; lastKnownFileType = "compiled.mach-o.dylib"; name = libfreetype.6.dylib; path = ../../../../../../opt/X11/lib/libfreetype.6.dylib; sourceTree = "<group>"; };
		4F8998A220E6C24100F8493B /* TimeAndSpace */ = {isa = PBXFileReference; explicitFileType = "compiled.mach-o.executable"; includeInIndex = 0; path = TimeAndSpace; sourceTree = BUILT_PRODUCTS_DIR; };
		4F8998A520E6C24100F8493B /* main.cpp */ = {isa = PBXFileReference; lastKnownFileType = sourcecode.cpp.cpp; path = main.cpp; sourceTree = "<group>"; };
		4F8DA6F5211CDF170021FCE1 /* libirrklang.dylib */ = {isa = PBXFileReference; lastKnownFileType = "compiled.mach-o.dylib"; name = libirrklang.dylib; path = ../../../../../../usr/local/Cellar/irrKlang/1.6.0/lib/libirrklang.dylib; sourceTree = "<group>"; };
		4F8DA6F8211CE5080021FCE1 /* ikpMP3.dylib */ = {isa = PBXFileReference; lastKnownFileType = "compiled.mach-o.dylib"; name = ikpMP3.dylib; path = ../../../../../../usr/local/Cellar/irrKlang/1.6.0/lib/ikpMP3.dylib; sourceTree = "<group>"; };
		4F97EE1520EF0C14009CCED2 /* shader.cpp */ = {isa = PBXFileReference; lastKnownFileType = sourcecode.cpp.cpp; path = shader.cpp; sourceTree = "<group>"; };
		4F97EE1620EF0C14009CCED2 /* shader.hpp */ = {isa = PBXFileReference; lastKnownFileType = sourcecode.cpp.h; path = shader.hpp; sourceTree = "<group>"; };
		4F97F13420EF4111009CCED2 /* glad.c */ = {isa = PBXFileReference; fileEncoding = 4; lastKnownFileType = sourcecode.c.c; name = glad.c; path = ../../../../../../Downloads/glad/src/glad.c; sourceTree = "<group>"; };
		4FA0838C211CEE8F0084EFA5 /* breakout.wav */ = {isa = PBXFileReference; lastKnownFileType = audio.wav; path = breakout.wav; sourceTree = "<group>"; };
		4FA0838D211CEE8F0084EFA5 /* explosion.wav */ = {isa = PBXFileReference; lastKnownFileType = audio.wav; path = explosion.wav; sourceTree = "<group>"; };
		4FACCECE20EB3DBE00E557F0 /* helpers.cpp */ = {isa = PBXFileReference; lastKnownFileType = sourcecode.cpp.cpp; path = helpers.cpp; sourceTree = "<group>"; };
		4FACCECF20EB3DBE00E557F0 /* helpers.hpp */ = {isa = PBXFileReference; lastKnownFileType = sourcecode.cpp.h; path = helpers.hpp; sourceTree = "<group>"; };
		4FAE1F24210A681300912BA8 /* skybox.vs */ = {isa = PBXFileReference; lastKnownFileType = sourcecode.glsl; path = skybox.vs; sourceTree = "<group>"; };
		4FAE1F25210A682D00912BA8 /* skybox.fs */ = {isa = PBXFileReference; lastKnownFileType = sourcecode.glsl; path = skybox.fs; sourceTree = "<group>"; };
		4FAE1F26210A82AC00912BA8 /* planetConfig.h */ = {isa = PBXFileReference; lastKnownFileType = sourcecode.c.h; path = planetConfig.h; sourceTree = "<group>"; };
		4FD416962118EF09004245CB /* comet.cpp */ = {isa = PBXFileReference; lastKnownFileType = sourcecode.cpp.cpp; path = comet.cpp; sourceTree = "<group>"; };
		4FD416972118EF09004245CB /* comet.hpp */ = {isa = PBXFileReference; lastKnownFileType = sourcecode.cpp.h; path = comet.hpp; sourceTree = "<group>"; };
/* End PBXFileReference section */

/* Begin PBXFrameworksBuildPhase section */
		4F89989F20E6C24100F8493B /* Frameworks */ = {
			isa = PBXFrameworksBuildPhase;
			buildActionMask = 2147483647;
			files = (
				4F7E0A382124DC2D002D6A53 /* libfreetype.6.dylib in Frameworks */,
				4F8DA6FC211CE9410021FCE1 /* libirrklang.dylib in Frameworks */,
				4F70047B2114068400B754C3 /* libassimp.4.1.0.dylib in Frameworks */,
				4F130BB920E6EABE00A38FBA /* libglfw.3.2.dylib in Frameworks */,
				4F130BB720E6EA8200A38FBA /* OpenGL.framework in Frameworks */,
			);
			runOnlyForDeploymentPostprocessing = 0;
		};
/* End PBXFrameworksBuildPhase section */

/* Begin PBXGroup section */
		4F130BB520E6EA8200A38FBA /* Frameworks */ = {
			isa = PBXGroup;
			children = (
				4F7E0A372124DC2D002D6A53 /* libfreetype.6.dylib */,
				4F8DA6F8211CE5080021FCE1 /* ikpMP3.dylib */,
				4F8DA6F5211CDF170021FCE1 /* libirrklang.dylib */,
				4F70047A2114068400B754C3 /* libassimp.4.1.0.dylib */,
				4F130BB820E6EABE00A38FBA /* libglfw.3.2.dylib */,
				4F130BB620E6EA8200A38FBA /* OpenGL.framework */,
			);
			name = Frameworks;
			sourceTree = "<group>";
		};
		4F130BC520E6F0B400A38FBA /* gladScr */ = {
			isa = PBXGroup;
			children = (
				4F97F13420EF4111009CCED2 /* glad.c */,
			);
			path = gladScr;
			sourceTree = "<group>";
		};
		4F7004702113DF6B00B754C3 /* models */ = {
			isa = PBXGroup;
			children = (
				4F7004722113E14A00B754C3 /* mesh.cpp */,
				4F7004732113E14A00B754C3 /* mesh.hpp */,
				4F7004752113F4EC00B754C3 /* model.cpp */,
				4F7004762113F4EC00B754C3 /* model.hpp */,
			);
			path = models;
			sourceTree = "<group>";
		};
		4F7704BC20F72D9600C11997 /* camera */ = {
			isa = PBXGroup;
			children = (
				4F7704BD20F72DAC00C11997 /* camera.cpp */,
				4F7704BE20F72DAC00C11997 /* camera.hpp */,
			);
			path = camera;
			sourceTree = "<group>";
		};
		4F89989920E6C24100F8493B = {
			isa = PBXGroup;
			children = (
				4F8998A420E6C24100F8493B /* TimeAndSpace */,
				4F8998A320E6C24100F8493B /* Products */,
				4F130BB520E6EA8200A38FBA /* Frameworks */,
			);
			sourceTree = "<group>";
		};
		4F8998A320E6C24100F8493B /* Products */ = {
			isa = PBXGroup;
			children = (
				4F8998A220E6C24100F8493B /* TimeAndSpace */,
			);
			name = Products;
			sourceTree = "<group>";
		};
		4F8998A420E6C24100F8493B /* TimeAndSpace */ = {
			isa = PBXGroup;
			children = (
				4FA0838A211CEBFC0084EFA5 /* sounds */,
				4F7004702113DF6B00B754C3 /* models */,
				4FB079E420F2D28000EE3F1B /* imgs */,
				4F7704BC20F72D9600C11997 /* camera */,
				4FACCED120EB3F1600E557F0 /* shaders */,
				4FACCECD20EB3D8000E557F0 /* helpers */,
				4F130BC520E6F0B400A38FBA /* gladScr */,
				4F8998A520E6C24100F8493B /* main.cpp */,
				4FAE1F26210A82AC00912BA8 /* planetConfig.h */,
				4FD416962118EF09004245CB /* comet.cpp */,
				4FD416972118EF09004245CB /* comet.hpp */,
			);
			path = TimeAndSpace;
			sourceTree = "<group>";
		};
		4FA0838A211CEBFC0084EFA5 /* sounds */ = {
			isa = PBXGroup;
			children = (
				4FA0838C211CEE8F0084EFA5 /* breakout.wav */,
				4FA0838D211CEE8F0084EFA5 /* explosion.wav */,
			);
			path = sounds;
			sourceTree = "<group>";
		};
		4FACCECD20EB3D8000E557F0 /* helpers */ = {
			isa = PBXGroup;
			children = (
				4FACCECE20EB3DBE00E557F0 /* helpers.cpp */,
				4FACCECF20EB3DBE00E557F0 /* helpers.hpp */,
			);
			path = helpers;
			sourceTree = "<group>";
		};
		4FACCED120EB3F1600E557F0 /* shaders */ = {
			isa = PBXGroup;
			children = (
				4F97EE1520EF0C14009CCED2 /* shader.cpp */,
				4F97EE1620EF0C14009CCED2 /* shader.hpp */,
				4F4BF3E220FD56E900876BB2 /* light.vs */,
				4F4BF3E320FD56FD00876BB2 /* light.fs */,
				4F4BF3E420FD576F00876BB2 /* source.vs */,
				4F4BF3E520FD578200876BB2 /* source.fs */,
				4FAE1F24210A681300912BA8 /* skybox.vs */,
				4FAE1F25210A682D00912BA8 /* skybox.fs */,
				4F7004782114046600B754C3 /* comet.vs */,
				4F7004792114047500B754C3 /* comet.fs */,
				4F5A6215212613540018DEEF /* text.vs */,
				4F5A6216212613B60018DEEF /* text.fs */,
				4F15446B212B6F2600A2DCD4 /* asteroid.vs */,
				4F15446C212B6F3600A2DCD4 /* asteroid.fs */,
			);
			path = shaders;
			sourceTree = "<group>";
		};
		4FB079E420F2D28000EE3F1B /* imgs */ = {
			isa = PBXGroup;
			children = (
				4F70046B2113DED000B754C3 /* back.tga */,
				4F70045A2113DECF00B754C3 /* bottom.tga */,
				4F70045E2113DECF00B754C3 /* front.tga */,
				4F7004602113DECF00B754C3 /* left.tga */,
				4F70045B2113DECF00B754C3 /* moon_1.jpg */,
				4F7004652113DECF00B754C3 /* moon_2.jpg */,
				4F70045C2113DECF00B754C3 /* moon_3.jpg */,
				4F70046F2113DED000B754C3 /* moon_4.jpg */,
				4F70046C2113DED000B754C3 /* planet_1.jpg */,
				4F7004662113DECF00B754C3 /* planet_2.jpg */,
				4F7004682113DED000B754C3 /* planet_3.jpg */,
				4F70045D2113DECF00B754C3 /* planet_4.jpg */,
				4F70046D2113DED000B754C3 /* planet_5.jpg */,
				4F7004622113DECF00B754C3 /* planet_6.jpg */,
				4F7004672113DECF00B754C3 /* planet_7.jpg */,
				4F7004632113DECF00B754C3 /* planet_8.jpg */,
				4F70045F2113DECF00B754C3 /* planet_9.jpg */,
				4F70046E2113DED000B754C3 /* right.tga */,
				4F7004612113DECF00B754C3 /* star_1.jpg */,
				4F7004692113DED000B754C3 /* star_2.jpg */,
				4F70046A2113DED000B754C3 /* star_3.jpg */,
				4F7004642113DECF00B754C3 /* top.tga */,
			);
			path = imgs;
			sourceTree = "<group>";
		};
/* End PBXGroup section */

/* Begin PBXNativeTarget section */
		4F8998A120E6C24100F8493B /* TimeAndSpace */ = {
			isa = PBXNativeTarget;
			buildConfigurationList = 4F8998A920E6C24100F8493B /* Build configuration list for PBXNativeTarget "TimeAndSpace" */;
			buildPhases = (
				4F89989E20E6C24100F8493B /* Sources */,
				4F89989F20E6C24100F8493B /* Frameworks */,
				4F8998A020E6C24100F8493B /* CopyFiles */,
			);
			buildRules = (
			);
			dependencies = (
			);
			name = TimeAndSpace;
			productName = TimeAndSpace;
			productReference = 4F8998A220E6C24100F8493B /* TimeAndSpace */;
			productType = "com.apple.product-type.tool";
		};
/* End PBXNativeTarget section */

/* Begin PBXProject section */
		4F89989A20E6C24100F8493B /* Project object */ = {
			isa = PBXProject;
			attributes = {
				LastUpgradeCheck = 0940;
				ORGANIZATIONNAME = Carry;
				TargetAttributes = {
					4F8998A120E6C24100F8493B = {
						CreatedOnToolsVersion = 9.4.1;
					};
				};
			};
			buildConfigurationList = 4F89989D20E6C24100F8493B /* Build configuration list for PBXProject "TimeAndSpace" */;
			compatibilityVersion = "Xcode 9.3";
			developmentRegion = en;
			hasScannedForEncodings = 0;
			knownRegions = (
				en,
			);
			mainGroup = 4F89989920E6C24100F8493B;
			productRefGroup = 4F8998A320E6C24100F8493B /* Products */;
			projectDirPath = "";
			projectRoot = "";
			targets = (
				4F8998A120E6C24100F8493B /* TimeAndSpace */,
			);
		};
/* End PBXProject section */

/* Begin PBXSourcesBuildPhase section */
		4F89989E20E6C24100F8493B /* Sources */ = {
			isa = PBXSourcesBuildPhase;
			buildActionMask = 2147483647;
			files = (
				4FACCED020EB3DBE00E557F0 /* helpers.cpp in Sources */,
				4F7004772113F4EC00B754C3 /* model.cpp in Sources */,
				4FD416982118EF09004245CB /* comet.cpp in Sources */,
				4F8998A620E6C24100F8493B /* main.cpp in Sources */,
				4F7004742113E14A00B754C3 /* mesh.cpp in Sources */,
				4F97EE1720EF0C14009CCED2 /* shader.cpp in Sources */,
				4F97F13520EF4111009CCED2 /* glad.c in Sources */,
				4F7704BF20F72DAC00C11997 /* camera.cpp in Sources */,
			);
			runOnlyForDeploymentPostprocessing = 0;
		};
/* End PBXSourcesBuildPhase section */

/* Begin XCBuildConfiguration section */
		4F8998A720E6C24100F8493B /* Debug */ = {
			isa = XCBuildConfiguration;
			buildSettings = {
				ALWAYS_SEARCH_USER_PATHS = NO;
				CLANG_ANALYZER_NONNULL = YES;
				CLANG_ANALYZER_NUMBER_OBJECT_CONVERSION = YES_AGGRESSIVE;
				CLANG_CXX_LANGUAGE_STANDARD = "gnu++14";
				CLANG_CXX_LIBRARY = "libc++";
				CLANG_ENABLE_MODULES = YES;
				CLANG_ENABLE_OBJC_ARC = YES;
				CLANG_ENABLE_OBJC_WEAK = YES;
				CLANG_WARN_BLOCK_CAPTURE_AUTORELEASING = YES;
				CLANG_WARN_BOOL_CONVERSION = YES;
				CLANG_WARN_COMMA = YES;
				CLANG_WARN_CONSTANT_CONVERSION = YES;
				CLANG_WARN_DEPRECATED_OBJC_IMPLEMENTATIONS = YES;
				CLANG_WARN_DIRECT_OBJC_ISA_USAGE = YES_ERROR;
				CLANG_WARN_DOCUMENTATION_COMMENTS = YES;
				CLANG_WARN_EMPTY_BODY = YES;
				CLANG_WARN_ENUM_CONVERSION = YES;
				CLANG_WARN_INFINITE_RECURSION = YES;
				CLANG_WARN_INT_CONVERSION = YES;
				CLANG_WARN_NON_LITERAL_NULL_CONVERSION = YES;
				CLANG_WARN_OBJC_IMPLICIT_RETAIN_SELF = YES;
				CLANG_WARN_OBJC_LITERAL_CONVERSION = YES;
				CLANG_WARN_OBJC_ROOT_CLASS = YES_ERROR;
				CLANG_WARN_RANGE_LOOP_ANALYSIS = YES;
				CLANG_WARN_STRICT_PROTOTYPES = YES;
				CLANG_WARN_SUSPICIOUS_MOVE = YES;
				CLANG_WARN_UNGUARDED_AVAILABILITY = YES_AGGRESSIVE;
				CLANG_WARN_UNREACHABLE_CODE = YES;
				CLANG_WARN__DUPLICATE_METHOD_MATCH = YES;
				CODE_SIGN_IDENTITY = "-";
				COPY_PHASE_STRIP = NO;
				DEBUG_INFORMATION_FORMAT = dwarf;
				ENABLE_STRICT_OBJC_MSGSEND = YES;
				ENABLE_TESTABILITY = YES;
				GCC_C_LANGUAGE_STANDARD = gnu11;
				GCC_DYNAMIC_NO_PIC = NO;
				GCC_NO_COMMON_BLOCKS = YES;
				GCC_OPTIMIZATION_LEVEL = 0;
				GCC_PREPROCESSOR_DEFINITIONS = (
					"DEBUG=1",
					"$(inherited)",
				);
				GCC_WARN_64_TO_32_BIT_CONVERSION = YES;
				GCC_WARN_ABOUT_RETURN_TYPE = YES_ERROR;
				GCC_WARN_UNDECLARED_SELECTOR = YES;
				GCC_WARN_UNINITIALIZED_AUTOS = YES_AGGRESSIVE;
				GCC_WARN_UNUSED_FUNCTION = YES;
				GCC_WARN_UNUSED_VARIABLE = YES;
				MACOSX_DEPLOYMENT_TARGET = 10.13;
				MTL_ENABLE_DEBUG_INFO = YES;
				ONLY_ACTIVE_ARCH = YES;
				SDKROOT = macosx;
			};
			name = Debug;
		};
		4F8998A820E6C24100F8493B /* Release */ = {
			isa = XCBuildConfiguration;
			buildSettings = {
				ALWAYS_SEARCH_USER_PATHS = NO;
				CLANG_ANALYZER_NONNULL = YES;
				CLANG_ANALYZER_NUMBER_OBJECT_CONVERSION = YES_AGGRESSIVE;
				CLANG_CXX_LANGUAGE_STANDARD = "gnu++14";
				CLANG_CXX_LIBRARY = "libc++";
				CLANG_ENABLE_MODULES = YES;
				CLANG_ENABLE_OBJC_ARC = YES;
				CLANG_ENABLE_OBJC_WEAK = YES;
				CLANG_WARN_BLOCK_CAPTURE_AUTORELEASING = YES;
				CLANG_WARN_BOOL_CONVERSION = YES;
				CLANG_WARN_COMMA = YES;
				CLANG_WARN_CONSTANT_CONVERSION = YES;
				CLANG_WARN_DEPRECATED_OBJC_IMPLEMENTATIONS = YES;
				CLANG_WARN_DIRECT_OBJC_ISA_USAGE = YES_ERROR;
				CLANG_WARN_DOCUMENTATION_COMMENTS = YES;
				CLANG_WARN_EMPTY_BODY = YES;
				CLANG_WARN_ENUM_CONVERSION = YES;
				CLANG_WARN_INFINITE_RECURSION = YES;
				CLANG_WARN_INT_CONVERSION = YES;
				CLANG_WARN_NON_LITERAL_NULL_CONVERSION = YES;
				CLANG_WARN_OBJC_IMPLICIT_RETAIN_SELF = YES;
				CLANG_WARN_OBJC_LITERAL_CONVERSION = YES;
				CLANG_WARN_OBJC_ROOT_CLASS = YES_ERROR;
				CLANG_WARN_RANGE_LOOP_ANALYSIS = YES;
				CLANG_WARN_STRICT_PROTOTYPES = YES;
				CLANG_WARN_SUSPICIOUS_MOVE = YES;
				CLANG_WARN_UNGUARDED_AVAILABILITY = YES_AGGRESSIVE;
				CLANG_WARN_UNREACHABLE_CODE = YES;
				CLANG_WARN__DUPLICATE_METHOD_MATCH = YES;
				CODE_SIGN_IDENTITY = "-";
				COPY_PHASE_STRIP = NO;
				DEBUG_INFORMATION_FORMAT = "dwarf-with-dsym";
				ENABLE_NS_ASSERTIONS = NO;
				ENABLE_STRICT_OBJC_MSGSEND = YES;
				GCC_C_LANGUAGE_STANDARD = gnu11;
				GCC_NO_COMMON_BLOCKS = YES;
				GCC_WARN_64_TO_32_BIT_CONVERSION = YES;
				GCC_WARN_ABOUT_RETURN_TYPE = YES_ERROR;
				GCC_WARN_UNDECLARED_SELECTOR = YES;
				GCC_WARN_UNINITIALIZED_AUTOS = YES_AGGRESSIVE;
				GCC_WARN_UNUSED_FUNCTION = YES;
				GCC_WARN_UNUSED_VARIABLE = YES;
				MACOSX_DEPLOYMENT_TARGET = 10.13;
				MTL_ENABLE_DEBUG_INFO = NO;
				SDKROOT = macosx;
			};
			name = Release;
		};
		4F8998AA20E6C24100F8493B /* Debug */ = {
			isa = XCBuildConfiguration;
			buildSettings = {
				CODE_SIGN_STYLE = Automatic;
				HEADER_SEARCH_PATHS = /usr/local/include;
				LIBRARY_SEARCH_PATHS = (
					"$(inherited)",
					/usr/local/Cellar/glfw/3.2.1/lib,
					/usr/local/Cellar/assimp/4.1.0/lib,
					/usr/local/Cellar/irrKlang/1.6.0/lib,
					/opt/X11/lib,
				);
				PRODUCT_NAME = "$(TARGET_NAME)";
				SYSTEM_HEADER_SEARCH_PATHS = "";
			};
			name = Debug;
		};
		4F8998AB20E6C24100F8493B /* Release */ = {
			isa = XCBuildConfiguration;
			buildSettings = {
				CODE_SIGN_STYLE = Automatic;
				HEADER_SEARCH_PATHS = /usr/local/include;
				LIBRARY_SEARCH_PATHS = (
					"$(inherited)",
					/usr/local/Cellar/glfw/3.2.1/lib,
					/usr/local/Cellar/assimp/4.1.0/lib,
					/usr/local/Cellar/irrKlang/1.6.0/lib,
					/opt/X11/lib,
				);
				PRODUCT_NAME = "$(TARGET_NAME)";
				SYSTEM_HEADER_SEARCH_PATHS = "";
			};
			name = Release;
		};
/* End XCBuildConfiguration section */

/* Begin XCConfigurationList section */
		4F89989D20E6C24100F8493B /* Build configuration list for PBXProject "TimeAndSpace" */ = {
			isa = XCConfigurationList;
			buildConfigurations = (
				4F8998A720E6C24100F8493B /* Debug */,
				4F8998A820E6C24100F8493B /* Release */,
			);
			defaultConfigurationIsVisible = 0;
			defaultConfigurationName = Release;
		};
		4F8998A920E6C24100F8493B /* Build configuration list for PBXNativeTarget "TimeAndSpace" */ = {
			isa = XCConfigurationList;
			buildConfigurations = (
				4F8998AA20E6C24100F8493B /* Debug */,
				4F8998AB20E6C24100F8493B /* Release */,
			);
			defaultConfigurationIsVisible = 0;
			defaultConfigurationName = Release;
		};
/* End XCConfigurationList section */
	};
	rootObject = 4F89989A20E6C24100F8493B /* Project object */;
}
